
Microsoft Visual Studio Solution File, Format Version 12.00
# Visual Studio Version 17
VisualStudioVersion = 17.14.36603.0 d17.14
MinimumVisualStudioVersion = 10.0.40219.1
Project("{FAE04EC0-301F-11D3-BF4B-00C04F79EFBC}") = "Dsl", "Dsl\Dsl.csproj", "{882C98E8-62F9-49C4-919E-5D4874077401}"
EndProject
Project("{FAE04EC0-301F-11D3-BF4B-00C04F79EFBC}") = "DslPackage", "DslPackage\DslPackage.csproj", "{BFFB7214-22BC-4CDB-81FD-B5C2C055BFA7}"
EndProject
Global
	GlobalSection(SolutionConfigurationPlatforms) = preSolution
		Debug|Any CPU = Debug|Any CPU
		Release|Any CPU = Release|Any CPU
	EndGlobalSection
	GlobalSection(ProjectConfigurationPlatforms) = postSolution
		{882C98E8-62F9-49C4-919E-5D4874077401}.Debug|Any CPU.ActiveCfg = Debug|Any CPU
		{882C98E8-62F9-49C4-919E-5D4874077401}.Debug|Any CPU.Build.0 = Debug|Any CPU
		{882C98E8-62F9-49C4-919E-5D4874077401}.Release|Any CPU.ActiveCfg = Release|Any CPU
		{882C98E8-62F9-49C4-919E-5D4874077401}.Release|Any CPU.Build.0 = Release|Any CPU
		{BFFB7214-22BC-4CDB-81FD-B5C2C055BFA7}.Debug|Any CPU.ActiveCfg = Debug|Any CPU
		{BFFB7214-22BC-4CDB-81FD-B5C2C055BFA7}.Debug|Any CPU.Build.0 = Debug|Any CPU
		{BFFB7214-22BC-4CDB-81FD-B5C2C055BFA7}.Release|Any CPU.ActiveCfg = Release|Any CPU
		{BFFB7214-22BC-4CDB-81FD-B5C2C055BFA7}.Release|Any CPU.Build.0 = Release|Any CPU
	EndGlobalSection
	GlobalSection(SolutionProperties) = preSolution
		HideSolutionNode = FALSE
	EndGlobalSection
	GlobalSection(ExtensibilityGlobals) = postSolution
		SolutionGuid = {F932F27B-3624-446F-9B29-F71BD4E28B03}
	EndGlobalSection
EndGlobal
